
Microsoft Visual Studio Solution File, Format Version 12.00
# Visual Studio 14
VisualStudioVersion = 14.0.25420.1
MinimumVisualStudioVersion = 10.0.40219.1
Project("{FAE04EC0-301F-11D3-BF4B-00C04F79EFBC}") = "TaskTest_one", "TaskTest_one\TaskTest_one.csproj", "{7416F15E-A59F-4DEA-82F3-3CD45FC4782F}"
	ProjectSection(ProjectDependencies) = postProject
		{40256153-17C7-4B28-8513-02867738C408} = {40256153-17C7-4B28-8513-02867738C408}
	EndProjectSection
EndProject
Project("{FAE04EC0-301F-11D3-BF4B-00C04F79EFBC}") = "WcfServiceLibrary1", "WcfServiceLibrary1\WcfServiceLibrary1.csproj", "{40256153-17C7-4B28-8513-02867738C408}"
EndProject
Global
	GlobalSection(SolutionConfigurationPlatforms) = preSolution
		Debug|Any CPU = Debug|Any CPU
		Release|Any CPU = Release|Any CPU
	EndGlobalSection
	GlobalSection(ProjectConfigurationPlatforms) = postSolution
		{7416F15E-A59F-4DEA-82F3-3CD45FC4782F}.Debug|Any CPU.ActiveCfg = Debug|Any CPU
		{7416F15E-A59F-4DEA-82F3-3CD45FC4782F}.Debug|Any CPU.Build.0 = Debug|Any CPU
		{7416F15E-A59F-4DEA-82F3-3CD45FC4782F}.Release|Any CPU.ActiveCfg = Release|Any CPU
		{7416F15E-A59F-4DEA-82F3-3CD45FC4782F}.Release|Any CPU.Build.0 = Release|Any CPU
		{40256153-17C7-4B28-8513-02867738C408}.Debug|Any CPU.ActiveCfg = Debug|Any CPU
		{40256153-17C7-4B28-8513-02867738C408}.Debug|Any CPU.Build.0 = Debug|Any CPU
		{40256153-17C7-4B28-8513-02867738C408}.Release|Any CPU.ActiveCfg = Release|Any CPU
		{40256153-17C7-4B28-8513-02867738C408}.Release|Any CPU.Build.0 = Release|Any CPU
	EndGlobalSection
	GlobalSection(SolutionProperties) = preSolution
		HideSolutionNode = FALSE
	EndGlobalSection
EndGlobal
